
Microsoft Visual Studio Solution File, Format Version 12.00
# Visual Studio 15
VisualStudioVersion = 15.0.33423.255
MinimumVisualStudioVersion = 10.0.40219.1
Project("{FAE04EC0-301F-11D3-BF4B-00C04F79EFBC}") = "WebApplication5", "WebApplication5\WebApplication5.csproj", "{62E70765-FEE8-4F6A-ACDC-CAC5482509A1}"
EndProject
Project("{FAE04EC0-301F-11D3-BF4B-00C04F79EFBC}") = "WebApplication5Tests", "WebApplication5Tests\WebApplication5Tests.csproj", "{0814F38A-3FCC-438E-B75D-A627C0A9D8CF}"
EndProject
Global
	GlobalSection(SolutionConfigurationPlatforms) = preSolution
		Debug|Any CPU = Debug|Any CPU
		Release|Any CPU = Release|Any CPU
	EndGlobalSection
	GlobalSection(ProjectConfigurationPlatforms) = postSolution
		{62E70765-FEE8-4F6A-ACDC-CAC5482509A1}.Debug|Any CPU.ActiveCfg = Debug|Any CPU
		{62E70765-FEE8-4F6A-ACDC-CAC5482509A1}.Debug|Any CPU.Build.0 = Debug|Any CPU
		{62E70765-FEE8-4F6A-ACDC-CAC5482509A1}.Release|Any CPU.ActiveCfg = Release|Any CPU
		{62E70765-FEE8-4F6A-ACDC-CAC5482509A1}.Release|Any CPU.Build.0 = Release|Any CPU
		{0814F38A-3FCC-438E-B75D-A627C0A9D8CF}.Debug|Any CPU.ActiveCfg = Debug|Any CPU
		{0814F38A-3FCC-438E-B75D-A627C0A9D8CF}.Debug|Any CPU.Build.0 = Debug|Any CPU
		{0814F38A-3FCC-438E-B75D-A627C0A9D8CF}.Release|Any CPU.ActiveCfg = Release|Any CPU
		{0814F38A-3FCC-438E-B75D-A627C0A9D8CF}.Release|Any CPU.Build.0 = Release|Any CPU
	EndGlobalSection
	GlobalSection(SolutionProperties) = preSolution
		HideSolutionNode = FALSE
	EndGlobalSection
	GlobalSection(ExtensibilityGlobals) = postSolution
		SolutionGuid = {391BA8D5-6C02-4864-8A5D-AEB77ADF9B08}
	EndGlobalSection
EndGlobal
